
Microsoft Visual Studio Solution File, Format Version 12.00
# Visual Studio 15
VisualStudioVersion = 15.0.28010.2050
MinimumVisualStudioVersion = 10.0.40219.1
Project("{FAE04EC0-301F-11D3-BF4B-00C04F79EFBC}") = "ProvaFabio", "ProvaFabio\ProvaFabio.csproj", "{914E41CE-BB8C-416B-A465-4C551C01038B}"
EndProject
Global
	GlobalSection(SolutionConfigurationPlatforms) = preSolution
		Debug|Any CPU = Debug|Any CPU
		Release|Any CPU = Release|Any CPU
	EndGlobalSection
	GlobalSection(ProjectConfigurationPlatforms) = postSolution
		{914E41CE-BB8C-416B-A465-4C551C01038B}.Debug|Any CPU.ActiveCfg = Debug|Any CPU
		{914E41CE-BB8C-416B-A465-4C551C01038B}.Debug|Any CPU.Build.0 = Debug|Any CPU
		{914E41CE-BB8C-416B-A465-4C551C01038B}.Release|Any CPU.ActiveCfg = Release|Any CPU
		{914E41CE-BB8C-416B-A465-4C551C01038B}.Release|Any CPU.Build.0 = Release|Any CPU
	EndGlobalSection
	GlobalSection(SolutionProperties) = preSolution
		HideSolutionNode = FALSE
	EndGlobalSection
	GlobalSection(ExtensibilityGlobals) = postSolution
		SolutionGuid = {FE42607F-CE1C-4DCB-86BD-A77AC9791412}
	EndGlobalSection
EndGlobal
